
Microsoft Visual Studio Solution File, Format Version 12.00
# Visual Studio Version 17
VisualStudioVersion = 17.13.35617.110 d17.13
MinimumVisualStudioVersion = 10.0.40219.1
Project("{FAE04EC0-301F-11D3-BF4B-00C04F79EFBC}") = "SilkyUIFramework", "SilkyUIFramework.csproj", "{C22E28B3-222D-D54E-FC67-725466192A63}"
EndProject
Global
	GlobalSection(SolutionConfigurationPlatforms) = preSolution
		Debug|Any CPU = Debug|Any CPU
		Release|Any CPU = Release|Any CPU
	EndGlobalSection
	GlobalSection(ProjectConfigurationPlatforms) = postSolution
		{C22E28B3-222D-D54E-FC67-725466192A63}.Debug|Any CPU.ActiveCfg = Debug|Any CPU
		{C22E28B3-222D-D54E-FC67-725466192A63}.Debug|Any CPU.Build.0 = Debug|Any CPU
		{C22E28B3-222D-D54E-FC67-725466192A63}.Release|Any CPU.ActiveCfg = Release|Any CPU
		{C22E28B3-222D-D54E-FC67-725466192A63}.Release|Any CPU.Build.0 = Release|Any CPU
	EndGlobalSection
	GlobalSection(SolutionProperties) = preSolution
		HideSolutionNode = FALSE
	EndGlobalSection
	GlobalSection(ExtensibilityGlobals) = postSolution
		SolutionGuid = {0C3D935E-AB18-4F38-A8A1-4ADDC842F851}
	EndGlobalSection
EndGlobal
